
Microsoft Visual Studio Solution File, Format Version 12.00
# Visual Studio Version 17
Project("{8BC9CEB8-8B4A-11D0-8D11-00A0C91BC942}") = "ALL_BUILD", "ALL_BUILD.vcxproj", "{66405015-7C25-33CE-AFC2-7B9F98FF86E7}"
	ProjectSection(ProjectDependencies) = postProject
		{83773910-6389-3E80-9DAC-D9FE55AAF268} = {83773910-6389-3E80-9DAC-D9FE55AAF268}
		{04FC8549-FB12-360F-A16B-71DA0CF29EB3} = {04FC8549-FB12-360F-A16B-71DA0CF29EB3}
	EndProjectSection
EndProject
Project("{8BC9CEB8-8B4A-11D0-8D11-00A0C91BC942}") = "MyProject", "MyProject.vcxproj", "{83773910-6389-3E80-9DAC-D9FE55AAF268}"
	ProjectSection(ProjectDependencies) = postProject
		{04FC8549-FB12-360F-A16B-71DA0CF29EB3} = {04FC8549-FB12-360F-A16B-71DA0CF29EB3}
	EndProjectSection
EndProject
Project("{8BC9CEB8-8B4A-11D0-8D11-00A0C91BC942}") = "ZERO_CHECK", "ZERO_CHECK.vcxproj", "{04FC8549-FB12-360F-A16B-71DA0CF29EB3}"
	ProjectSection(ProjectDependencies) = postProject
	EndProjectSection
EndProject
Global
	GlobalSection(SolutionConfigurationPlatforms) = preSolution
		Debug|x64 = Debug|x64
		Release|x64 = Release|x64
		MinSizeRel|x64 = MinSizeRel|x64
		RelWithDebInfo|x64 = RelWithDebInfo|x64
	EndGlobalSection
	GlobalSection(ProjectConfigurationPlatforms) = postSolution
		{66405015-7C25-33CE-AFC2-7B9F98FF86E7}.Debug|x64.ActiveCfg = Debug|x64
		{66405015-7C25-33CE-AFC2-7B9F98FF86E7}.Release|x64.ActiveCfg = Release|x64
		{66405015-7C25-33CE-AFC2-7B9F98FF86E7}.MinSizeRel|x64.ActiveCfg = MinSizeRel|x64
		{66405015-7C25-33CE-AFC2-7B9F98FF86E7}.RelWithDebInfo|x64.ActiveCfg = RelWithDebInfo|x64
		{83773910-6389-3E80-9DAC-D9FE55AAF268}.Debug|x64.ActiveCfg = Debug|x64
		{83773910-6389-3E80-9DAC-D9FE55AAF268}.Debug|x64.Build.0 = Debug|x64
		{83773910-6389-3E80-9DAC-D9FE55AAF268}.Release|x64.ActiveCfg = Release|x64
		{83773910-6389-3E80-9DAC-D9FE55AAF268}.Release|x64.Build.0 = Release|x64
		{83773910-6389-3E80-9DAC-D9FE55AAF268}.MinSizeRel|x64.ActiveCfg = MinSizeRel|x64
		{83773910-6389-3E80-9DAC-D9FE55AAF268}.MinSizeRel|x64.Build.0 = MinSizeRel|x64
		{83773910-6389-3E80-9DAC-D9FE55AAF268}.RelWithDebInfo|x64.ActiveCfg = RelWithDebInfo|x64
		{83773910-6389-3E80-9DAC-D9FE55AAF268}.RelWithDebInfo|x64.Build.0 = RelWithDebInfo|x64
		{04FC8549-FB12-360F-A16B-71DA0CF29EB3}.Debug|x64.ActiveCfg = Debug|x64
		{04FC8549-FB12-360F-A16B-71DA0CF29EB3}.Debug|x64.Build.0 = Debug|x64
		{04FC8549-FB12-360F-A16B-71DA0CF29EB3}.Release|x64.ActiveCfg = Release|x64
		{04FC8549-FB12-360F-A16B-71DA0CF29EB3}.Release|x64.Build.0 = Release|x64
		{04FC8549-FB12-360F-A16B-71DA0CF29EB3}.MinSizeRel|x64.ActiveCfg = MinSizeRel|x64
		{04FC8549-FB12-360F-A16B-71DA0CF29EB3}.MinSizeRel|x64.Build.0 = MinSizeRel|x64
		{04FC8549-FB12-360F-A16B-71DA0CF29EB3}.RelWithDebInfo|x64.ActiveCfg = RelWithDebInfo|x64
		{04FC8549-FB12-360F-A16B-71DA0CF29EB3}.RelWithDebInfo|x64.Build.0 = RelWithDebInfo|x64
	EndGlobalSection
	GlobalSection(ExtensibilityGlobals) = postSolution
		SolutionGuid = {14D01262-8C7E-3739-BDB3-46B099A5816D}
	EndGlobalSection
	GlobalSection(ExtensibilityAddIns) = postSolution
	EndGlobalSection
EndGlobal
